
Microsoft Visual Studio Solution File, Format Version 12.00
# Visual Studio 2013
VisualStudioVersion = 12.0.21005.1
MinimumVisualStudioVersion = 10.0.40219.1
Project("{FAE04EC0-301F-11D3-BF4B-00C04F79EFBC}") = "MVCMusicStore", "MVCMusicStore\MVCMusicStore.csproj", "{B91346B5-6040-4EBA-AEEB-1A463536FB60}"
EndProject
Project("{FAE04EC0-301F-11D3-BF4B-00C04F79EFBC}") = "MVCMusicStore.Tests", "MVCMusicStore.Tests\MVCMusicStore.Tests.csproj", "{04443CBC-C720-46E3-853F-FA47BA52251B}"
EndProject
Global
	GlobalSection(SolutionConfigurationPlatforms) = preSolution
		Debug|Any CPU = Debug|Any CPU
		Release|Any CPU = Release|Any CPU
	EndGlobalSection
	GlobalSection(ProjectConfigurationPlatforms) = postSolution
		{B91346B5-6040-4EBA-AEEB-1A463536FB60}.Debug|Any CPU.ActiveCfg = Debug|Any CPU
		{B91346B5-6040-4EBA-AEEB-1A463536FB60}.Debug|Any CPU.Build.0 = Debug|Any CPU
		{B91346B5-6040-4EBA-AEEB-1A463536FB60}.Release|Any CPU.ActiveCfg = Release|Any CPU
		{B91346B5-6040-4EBA-AEEB-1A463536FB60}.Release|Any CPU.Build.0 = Release|Any CPU
		{04443CBC-C720-46E3-853F-FA47BA52251B}.Debug|Any CPU.ActiveCfg = Debug|Any CPU
		{04443CBC-C720-46E3-853F-FA47BA52251B}.Debug|Any CPU.Build.0 = Debug|Any CPU
		{04443CBC-C720-46E3-853F-FA47BA52251B}.Release|Any CPU.ActiveCfg = Release|Any CPU
		{04443CBC-C720-46E3-853F-FA47BA52251B}.Release|Any CPU.Build.0 = Release|Any CPU
	EndGlobalSection
	GlobalSection(SolutionProperties) = preSolution
		HideSolutionNode = FALSE
	EndGlobalSection
EndGlobal
